
Microsoft Visual Studio Solution File, Format Version 12.00
# Visual Studio Version 17
VisualStudioVersion = 17.4.33122.133
MinimumVisualStudioVersion = 10.0.40219.1
Project("{FAE04EC0-301F-11D3-BF4B-00C04F79EFBC}") = "LB1_1_2023", "LB1_1_2023\LB1_1_2023.csproj", "{F41F241C-37A0-4A02-83E2-900ECF00A52E}"
EndProject
Global
	GlobalSection(SolutionConfigurationPlatforms) = preSolution
		Debug|Any CPU = Debug|Any CPU
		Release|Any CPU = Release|Any CPU
	EndGlobalSection
	GlobalSection(ProjectConfigurationPlatforms) = postSolution
		{F41F241C-37A0-4A02-83E2-900ECF00A52E}.Debug|Any CPU.ActiveCfg = Debug|Any CPU
		{F41F241C-37A0-4A02-83E2-900ECF00A52E}.Debug|Any CPU.Build.0 = Debug|Any CPU
		{F41F241C-37A0-4A02-83E2-900ECF00A52E}.Release|Any CPU.ActiveCfg = Release|Any CPU
		{F41F241C-37A0-4A02-83E2-900ECF00A52E}.Release|Any CPU.Build.0 = Release|Any CPU
	EndGlobalSection
	GlobalSection(SolutionProperties) = preSolution
		HideSolutionNode = FALSE
	EndGlobalSection
	GlobalSection(ExtensibilityGlobals) = postSolution
		SolutionGuid = {0B3604F9-9643-4B5B-95F1-49D406520EA5}
	EndGlobalSection
EndGlobal
